// !$*UTF8*$!
{
	archiveVersion = 1;
	classes = {
	};
	objectVersion = 46;
	objects = {

/* Begin PBXBuildFile section */
		96AB8BC31BE24BAF004D82FD /* AppDelegate.swift in Sources */ = {isa = PBXBuildFile; fileRef = 96AB8BC21BE24BAF004D82FD /* AppDelegate.swift */; };
		96AB8BC81BE24BAF004D82FD /* Main.storyboard in Resources */ = {isa = PBXBuildFile; fileRef = 96AB8BC61BE24BAF004D82FD /* Main.storyboard */; };
		96AB8BCA1BE24BAF004D82FD /* Assets.xcassets in Resources */ = {isa = PBXBuildFile; fileRef = 96AB8BC91BE24BAF004D82FD /* Assets.xcassets */; };
		96AB8BCD1BE24BAF004D82FD /* LaunchScreen.storyboard in Resources */ = {isa = PBXBuildFile; fileRef = 96AB8BCB1BE24BAF004D82FD /* LaunchScreen.storyboard */; };
		96AB8BD81BE24BAF004D82FD /* GCFDemo2Tests.swift in Sources */ = {isa = PBXBuildFile; fileRef = 96AB8BD71BE24BAF004D82FD /* GCFDemo2Tests.swift */; };
		96AB8BE31BE24BAF004D82FD /* GCFDemo2UITests.swift in Sources */ = {isa = PBXBuildFile; fileRef = 96AB8BE21BE24BAF004D82FD /* GCFDemo2UITests.swift */; };
		96AB8BF11BE24D22004D82FD /* BBViewController.swift in Sources */ = {isa = PBXBuildFile; fileRef = 96AB8BF01BE24D22004D82FD /* BBViewController.swift */; };
		96AB8C121BE271BD004D82FD /* libxml2.2.tbd in Frameworks */ = {isa = PBXBuildFile; fileRef = 96AB8C111BE271BD004D82FD /* libxml2.2.tbd */; };
		96AB8CA51BE275FA004D82FD /* TFHpple.m in Sources */ = {isa = PBXBuildFile; fileRef = 96AB8CA01BE275FA004D82FD /* TFHpple.m */; };
		96AB8CA61BE275FA004D82FD /* TFHppleElement.m in Sources */ = {isa = PBXBuildFile; fileRef = 96AB8CA21BE275FA004D82FD /* TFHppleElement.m */; };
		96AB8CA71BE275FA004D82FD /* XPathQuery.m in Sources */ = {isa = PBXBuildFile; fileRef = 96AB8CA41BE275FA004D82FD /* XPathQuery.m */; };
		96AB8CBF1BE30323004D82FD /* MBProgressHUD.bundle in Resources */ = {isa = PBXBuildFile; fileRef = 96AB8CBA1BE30323004D82FD /* MBProgressHUD.bundle */; };
		96AB8CC01BE30323004D82FD /* MBProgressHUD.m in Sources */ = {isa = PBXBuildFile; fileRef = 96AB8CBC1BE30323004D82FD /* MBProgressHUD.m */; };
		96AB8CC11BE30323004D82FD /* MBProgressHUD+MJ.m in Sources */ = {isa = PBXBuildFile; fileRef = 96AB8CBE1BE30323004D82FD /* MBProgressHUD+MJ.m */; };
		96AB8CC31BE32C6D004D82FD /* GG.plist in Resources */ = {isa = PBXBuildFile; fileRef = 96AB8CC21BE32C6D004D82FD /* GG.plist */; };
/* End PBXBuildFile section */

/* Begin PBXContainerItemProxy section */
		96AB8BD41BE24BAF004D82FD /* PBXContainerItemProxy */ = {
			isa = PBXContainerItemProxy;
			containerPortal = 96AB8BB71BE24BAF004D82FD /* Project object */;
			proxyType = 1;
			remoteGlobalIDString = 96AB8BBE1BE24BAF004D82FD;
			remoteInfo = GCFDemo2;
		};
		96AB8BDF1BE24BAF004D82FD /* PBXContainerItemProxy */ = {
			isa = PBXContainerItemProxy;
			containerPortal = 96AB8BB71BE24BAF004D82FD /* Project object */;
			proxyType = 1;
			remoteGlobalIDString = 96AB8BBE1BE24BAF004D82FD;
			remoteInfo = GCFDemo2;
		};
/* End PBXContainerItemProxy section */

/* Begin PBXFileReference section */
		9613CCB61BFB669300CD549F /* Header2.h */ = {isa = PBXFileReference; lastKnownFileType = sourcecode.c.h; path = Header2.h; sourceTree = "<group>"; };
		96AB8BBF1BE24BAF004D82FD /* GCFDemo2.app */ = {isa = PBXFileReference; explicitFileType = wrapper.application; includeInIndex = 0; path = GCFDemo2.app; sourceTree = BUILT_PRODUCTS_DIR; };
		96AB8BC21BE24BAF004D82FD /* AppDelegate.swift */ = {isa = PBXFileReference; lastKnownFileType = sourcecode.swift; path = AppDelegate.swift; sourceTree = "<group>"; };
		96AB8BC71BE24BAF004D82FD /* Base */ = {isa = PBXFileReference; lastKnownFileType = file.storyboard; name = Base; path = Base.lproj/Main.storyboard; sourceTree = "<group>"; };
		96AB8BC91BE24BAF004D82FD /* Assets.xcassets */ = {isa = PBXFileReference; lastKnownFileType = folder.assetcatalog; path = Assets.xcassets; sourceTree = "<group>"; };
		96AB8BCC1BE24BAF004D82FD /* Base */ = {isa = PBXFileReference; lastKnownFileType = file.storyboard; name = Base; path = Base.lproj/LaunchScreen.storyboard; sourceTree = "<group>"; };
		96AB8BCE1BE24BAF004D82FD /* Info.plist */ = {isa = PBXFileReference; lastKnownFileType = text.plist.xml; path = Info.plist; sourceTree = "<group>"; };
		96AB8BD31BE24BAF004D82FD /* GCFDemo2Tests.xctest */ = {isa = PBXFileReference; explicitFileType = wrapper.cfbundle; includeInIndex = 0; path = GCFDemo2Tests.xctest; sourceTree = BUILT_PRODUCTS_DIR; };
		96AB8BD71BE24BAF004D82FD /* GCFDemo2Tests.swift */ = {isa = PBXFileReference; lastKnownFileType = sourcecode.swift; path = GCFDemo2Tests.swift; sourceTree = "<group>"; };
		96AB8BD91BE24BAF004D82FD /* Info.plist */ = {isa = PBXFileReference; lastKnownFileType = text.plist.xml; path = Info.plist; sourceTree = "<group>"; };
		96AB8BDE1BE24BAF004D82FD /* GCFDemo2UITests.xctest */ = {isa = PBXFileReference; explicitFileType = wrapper.cfbundle; includeInIndex = 0; path = GCFDemo2UITests.xctest; sourceTree = BUILT_PRODUCTS_DIR; };
		96AB8BE21BE24BAF004D82FD /* GCFDemo2UITests.swift */ = {isa = PBXFileReference; lastKnownFileType = sourcecode.swift; path = GCFDemo2UITests.swift; sourceTree = "<group>"; };
		96AB8BE41BE24BAF004D82FD /* Info.plist */ = {isa = PBXFileReference; lastKnownFileType = text.plist.xml; path = Info.plist; sourceTree = "<group>"; };
		96AB8BF01BE24D22004D82FD /* BBViewController.swift */ = {isa = PBXFileReference; fileEncoding = 4; lastKnownFileType = sourcecode.swift; name = BBViewController.swift; path = ../BBViewController.swift; sourceTree = "<group>"; };
		96AB8C111BE271BD004D82FD /* libxml2.2.tbd */ = {isa = PBXFileReference; lastKnownFileType = "sourcecode.text-based-dylib-definition"; name = libxml2.2.tbd; path = usr/lib/libxml2.2.tbd; sourceTree = SDKROOT; };
		96AB8C9E1BE275E0004D82FD /* Header.h */ = {isa = PBXFileReference; fileEncoding = 4; lastKnownFileType = sourcecode.c.h; name = Header.h; path = ../Header.h; sourceTree = "<group>"; };
		96AB8C9F1BE275FA004D82FD /* TFHpple.h */ = {isa = PBXFileReference; fileEncoding = 4; lastKnownFileType = sourcecode.c.h; name = TFHpple.h; path = Classes/TFHpple.h; sourceTree = "<group>"; };
		96AB8CA01BE275FA004D82FD /* TFHpple.m */ = {isa = PBXFileReference; fileEncoding = 4; lastKnownFileType = sourcecode.c.objc; name = TFHpple.m; path = Classes/TFHpple.m; sourceTree = "<group>"; };
		96AB8CA11BE275FA004D82FD /* TFHppleElement.h */ = {isa = PBXFileReference; fileEncoding = 4; lastKnownFileType = sourcecode.c.h; name = TFHppleElement.h; path = Classes/TFHppleElement.h; sourceTree = "<group>"; };
		96AB8CA21BE275FA004D82FD /* TFHppleElement.m */ = {isa = PBXFileReference; fileEncoding = 4; lastKnownFileType = sourcecode.c.objc; name = TFHppleElement.m; path = Classes/TFHppleElement.m; sourceTree = "<group>"; };
		96AB8CA31BE275FA004D82FD /* XPathQuery.h */ = {isa = PBXFileReference; fileEncoding = 4; lastKnownFileType = sourcecode.c.h; name = XPathQuery.h; path = Classes/XPathQuery.h; sourceTree = "<group>"; };
		96AB8CA41BE275FA004D82FD /* XPathQuery.m */ = {isa = PBXFileReference; fileEncoding = 4; lastKnownFileType = sourcecode.c.objc; name = XPathQuery.m; path = Classes/XPathQuery.m; sourceTree = "<group>"; };
		96AB8CBA1BE30323004D82FD /* MBProgressHUD.bundle */ = {isa = PBXFileReference; lastKnownFileType = "wrapper.plug-in"; name = MBProgressHUD.bundle; path = MBProgressHUD/MBProgressHUD.bundle; sourceTree = "<group>"; };
		96AB8CBB1BE30323004D82FD /* MBProgressHUD.h */ = {isa = PBXFileReference; fileEncoding = 4; lastKnownFileType = sourcecode.c.h; name = MBProgressHUD.h; path = MBProgressHUD/MBProgressHUD.h; sourceTree = "<group>"; };
		96AB8CBC1BE30323004D82FD /* MBProgressHUD.m */ = {isa = PBXFileReference; fileEncoding = 4; lastKnownFileType = sourcecode.c.objc; name = MBProgressHUD.m; path = MBProgressHUD/MBProgressHUD.m; sourceTree = "<group>"; };
		96AB8CBD1BE30323004D82FD /* MBProgressHUD+MJ.h */ = {isa = PBXFileReference; fileEncoding = 4; lastKnownFileType = sourcecode.c.h; name = "MBProgressHUD+MJ.h"; path = "MBProgressHUD/MBProgressHUD+MJ.h"; sourceTree = "<group>"; };
		96AB8CBE1BE30323004D82FD /* MBProgressHUD+MJ.m */ = {isa = PBXFileReference; fileEncoding = 4; lastKnownFileType = sourcecode.c.objc; name = "MBProgressHUD+MJ.m"; path = "MBProgressHUD/MBProgressHUD+MJ.m"; sourceTree = "<group>"; };
		96AB8CC21BE32C6D004D82FD /* GG.plist */ = {isa = PBXFileReference; fileEncoding = 4; lastKnownFileType = text.plist.xml; name = GG.plist; path = ../GG.plist; sourceTree = "<group>"; };
/* End PBXFileReference section */

/* Begin PBXFrameworksBuildPhase section */
		96AB8BBC1BE24BAF004D82FD /* Frameworks */ = {
			isa = PBXFrameworksBuildPhase;
			buildActionMask = 2147483647;
			files = (
				96AB8C121BE271BD004D82FD /* libxml2.2.tbd in Frameworks */,
			);
			runOnlyForDeploymentPostprocessing = 0;
		};
		96AB8BD01BE24BAF004D82FD /* Frameworks */ = {
			isa = PBXFrameworksBuildPhase;
			buildActionMask = 2147483647;
			files = (
			);
			runOnlyForDeploymentPostprocessing = 0;
		};
		96AB8BDB1BE24BAF004D82FD /* Frameworks */ = {
			isa = PBXFrameworksBuildPhase;
			buildActionMask = 2147483647;
			files = (
			);
			runOnlyForDeploymentPostprocessing = 0;
		};
/* End PBXFrameworksBuildPhase section */

/* Begin PBXGroup section */
		96AB8BB61BE24BAF004D82FD = {
			isa = PBXGroup;
			children = (
				96AB8C111BE271BD004D82FD /* libxml2.2.tbd */,
				96AB8BC11BE24BAF004D82FD /* GCFDemo2 */,
				96AB8BD61BE24BAF004D82FD /* GCFDemo2Tests */,
				96AB8BE11BE24BAF004D82FD /* GCFDemo2UITests */,
				96AB8BC01BE24BAF004D82FD /* Products */,
			);
			sourceTree = "<group>";
		};
		96AB8BC01BE24BAF004D82FD /* Products */ = {
			isa = PBXGroup;
			children = (
				96AB8BBF1BE24BAF004D82FD /* GCFDemo2.app */,
				96AB8BD31BE24BAF004D82FD /* GCFDemo2Tests.xctest */,
				96AB8BDE1BE24BAF004D82FD /* GCFDemo2UITests.xctest */,
			);
			name = Products;
			sourceTree = "<group>";
		};
		96AB8BC11BE24BAF004D82FD /* GCFDemo2 */ = {
			isa = PBXGroup;
			children = (
				96AB8CBA1BE30323004D82FD /* MBProgressHUD.bundle */,
				96AB8CBB1BE30323004D82FD /* MBProgressHUD.h */,
				96AB8CBC1BE30323004D82FD /* MBProgressHUD.m */,
				96AB8CBD1BE30323004D82FD /* MBProgressHUD+MJ.h */,
				96AB8CBE1BE30323004D82FD /* MBProgressHUD+MJ.m */,
				96AB8C9F1BE275FA004D82FD /* TFHpple.h */,
				96AB8CA01BE275FA004D82FD /* TFHpple.m */,
				96AB8CA11BE275FA004D82FD /* TFHppleElement.h */,
				96AB8CA21BE275FA004D82FD /* TFHppleElement.m */,
				96AB8CA31BE275FA004D82FD /* XPathQuery.h */,
				96AB8CA41BE275FA004D82FD /* XPathQuery.m */,
				96AB8BC21BE24BAF004D82FD /* AppDelegate.swift */,
				96AB8C9E1BE275E0004D82FD /* Header.h */,
				96AB8BF01BE24D22004D82FD /* BBViewController.swift */,
				9613CCB61BFB669300CD549F /* Header2.h */,
				96AB8BC61BE24BAF004D82FD /* Main.storyboard */,
				96AB8BC91BE24BAF004D82FD /* Assets.xcassets */,
				96AB8BCB1BE24BAF004D82FD /* LaunchScreen.storyboard */,
				96AB8BCE1BE24BAF004D82FD /* Info.plist */,
				96AB8CC21BE32C6D004D82FD /* GG.plist */,
			);
			path = GCFDemo2;
			sourceTree = "<group>";
		};
		96AB8BD61BE24BAF004D82FD /* GCFDemo2Tests */ = {
			isa = PBXGroup;
			children = (
				96AB8BD71BE24BAF004D82FD /* GCFDemo2Tests.swift */,
				96AB8BD91BE24BAF004D82FD /* Info.plist */,
			);
			path = GCFDemo2Tests;
			sourceTree = "<group>";
		};
		96AB8BE11BE24BAF004D82FD /* GCFDemo2UITests */ = {
			isa = PBXGroup;
			children = (
				96AB8BE21BE24BAF004D82FD /* GCFDemo2UITests.swift */,
				96AB8BE41BE24BAF004D82FD /* Info.plist */,
			);
			path = GCFDemo2UITests;
			sourceTree = "<group>";
		};
/* End PBXGroup section */

/* Begin PBXNativeTarget section */
		96AB8BBE1BE24BAF004D82FD /* GCFDemo2 */ = {
			isa = PBXNativeTarget;
			buildConfigurationList = 96AB8BE71BE24BAF004D82FD /* Build configuration list for PBXNativeTarget "GCFDemo2" */;
			buildPhases = (
				96AB8BBB1BE24BAF004D82FD /* Sources */,
				96AB8BBC1BE24BAF004D82FD /* Frameworks */,
				96AB8BBD1BE24BAF004D82FD /* Resources */,
			);
			buildRules = (
			);
			dependencies = (
			);
			name = GCFDemo2;
			productName = GCFDemo2;
			productReference = 96AB8BBF1BE24BAF004D82FD /* GCFDemo2.app */;
			productType = "com.apple.product-type.application";
		};
		96AB8BD21BE24BAF004D82FD /* GCFDemo2Tests */ = {
			isa = PBXNativeTarget;
			buildConfigurationList = 96AB8BEA1BE24BAF004D82FD /* Build configuration list for PBXNativeTarget "GCFDemo2Tests" */;
			buildPhases = (
				96AB8BCF1BE24BAF004D82FD /* Sources */,
				96AB8BD01BE24BAF004D82FD /* Frameworks */,
				96AB8BD11BE24BAF004D82FD /* Resources */,
			);
			buildRules = (
			);
			dependencies = (
				96AB8BD51BE24BAF004D82FD /* PBXTargetDependency */,
			);
			name = GCFDemo2Tests;
			productName = GCFDemo2Tests;
			productReference = 96AB8BD31BE24BAF004D82FD /* GCFDemo2Tests.xctest */;
			productType = "com.apple.product-type.bundle.unit-test";
		};
		96AB8BDD1BE24BAF004D82FD /* GCFDemo2UITests */ = {
			isa = PBXNativeTarget;
			buildConfigurationList = 96AB8BED1BE24BAF004D82FD /* Build configuration list for PBXNativeTarget "GCFDemo2UITests" */;
			buildPhases = (
				96AB8BDA1BE24BAF004D82FD /* Sources */,
				96AB8BDB1BE24BAF004D82FD /* Frameworks */,
				96AB8BDC1BE24BAF004D82FD /* Resources */,
			);
			buildRules = (
			);
			dependencies = (
				96AB8BE01BE24BAF004D82FD /* PBXTargetDependency */,
			);
			name = GCFDemo2UITests;
			productName = GCFDemo2UITests;
			productReference = 96AB8BDE1BE24BAF004D82FD /* GCFDemo2UITests.xctest */;
			productType = "com.apple.product-type.bundle.ui-testing";
		};
/* End PBXNativeTarget section */

/* Begin PBXProject section */
		96AB8BB71BE24BAF004D82FD /* Project object */ = {
			isa = PBXProject;
			attributes = {
				LastSwiftUpdateCheck = 0710;
				LastUpgradeCheck = 0710;
				ORGANIZATIONNAME = jason;
				TargetAttributes = {
					96AB8BBE1BE24BAF004D82FD = {
						CreatedOnToolsVersion = 7.1;
					};
					96AB8BD21BE24BAF004D82FD = {
						CreatedOnToolsVersion = 7.1;
						TestTargetID = 96AB8BBE1BE24BAF004D82FD;
					};
					96AB8BDD1BE24BAF004D82FD = {
						CreatedOnToolsVersion = 7.1;
						TestTargetID = 96AB8BBE1BE24BAF004D82FD;
					};
				};
			};
			buildConfigurationList = 96AB8BBA1BE24BAF004D82FD /* Build configuration list for PBXProject "GCFDemo2" */;
			compatibilityVersion = "Xcode 3.2";
			developmentRegion = English;
			hasScannedForEncodings = 0;
			knownRegions = (
				en,
				Base,
			);
			mainGroup = 96AB8BB61BE24BAF004D82FD;
			productRefGroup = 96AB8BC01BE24BAF004D82FD /* Products */;
			projectDirPath = "";
			projectRoot = "";
			targets = (
				96AB8BBE1BE24BAF004D82FD /* GCFDemo2 */,
				96AB8BD21BE24BAF004D82FD /* GCFDemo2Tests */,
				96AB8BDD1BE24BAF004D82FD /* GCFDemo2UITests */,
			);
		};
/* End PBXProject section */

/* Begin PBXResourcesBuildPhase section */
		96AB8BBD1BE24BAF004D82FD /* Resources */ = {
			isa = PBXResourcesBuildPhase;
			buildActionMask = 2147483647;
			files = (
				96AB8BCD1BE24BAF004D82FD /* LaunchScreen.storyboard in Resources */,
				96AB8BCA1BE24BAF004D82FD /* Assets.xcassets in Resources */,
				96AB8CBF1BE30323004D82FD /* MBProgressHUD.bundle in Resources */,
				96AB8BC81BE24BAF004D82FD /* Main.storyboard in Resources */,
				96AB8CC31BE32C6D004D82FD /* GG.plist in Resources */,
			);
			runOnlyForDeploymentPostprocessing = 0;
		};
		96AB8BD11BE24BAF004D82FD /* Resources */ = {
			isa = PBXResourcesBuildPhase;
			buildActionMask = 2147483647;
			files = (
			);
			runOnlyForDeploymentPostprocessing = 0;
		};
		96AB8BDC1BE24BAF004D82FD /* Resources */ = {
			isa = PBXResourcesBuildPhase;
			buildActionMask = 2147483647;
			files = (
			);
			runOnlyForDeploymentPostprocessing = 0;
		};
/* End PBXResourcesBuildPhase section */

/* Begin PBXSourcesBuildPhase section */
		96AB8BBB1BE24BAF004D82FD /* Sources */ = {
			isa = PBXSourcesBuildPhase;
			buildActionMask = 2147483647;
			files = (
				96AB8CA61BE275FA004D82FD /* TFHppleElement.m in Sources */,
				96AB8CC01BE30323004D82FD /* MBProgressHUD.m in Sources */,
				96AB8BF11BE24D22004D82FD /* BBViewController.swift in Sources */,
				96AB8CA71BE275FA004D82FD /* XPathQuery.m in Sources */,
				96AB8CC11BE30323004D82FD /* MBProgressHUD+MJ.m in Sources */,
				96AB8CA51BE275FA004D82FD /* TFHpple.m in Sources */,
				96AB8BC31BE24BAF004D82FD /* AppDelegate.swift in Sources */,
			);
			runOnlyForDeploymentPostprocessing = 0;
		};
		96AB8BCF1BE24BAF004D82FD /* Sources */ = {
			isa = PBXSourcesBuildPhase;
			buildActionMask = 2147483647;
			files = (
				96AB8BD81BE24BAF004D82FD /* GCFDemo2Tests.swift in Sources */,
			);
			runOnlyForDeploymentPostprocessing = 0;
		};
		96AB8BDA1BE24BAF004D82FD /* Sources */ = {
			isa = PBXSourcesBuildPhase;
			buildActionMask = 2147483647;
			files = (
				96AB8BE31BE24BAF004D82FD /* GCFDemo2UITests.swift in Sources */,
			);
			runOnlyForDeploymentPostprocessing = 0;
		};
/* End PBXSourcesBuildPhase section */

/* Begin PBXTargetDependency section */
		96AB8BD51BE24BAF004D82FD /* PBXTargetDependency */ = {
			isa = PBXTargetDependency;
			target = 96AB8BBE1BE24BAF004D82FD /* GCFDemo2 */;
			targetProxy = 96AB8BD41BE24BAF004D82FD /* PBXContainerItemProxy */;
		};
		96AB8BE01BE24BAF004D82FD /* PBXTargetDependency */ = {
			isa = PBXTargetDependency;
			target = 96AB8BBE1BE24BAF004D82FD /* GCFDemo2 */;
			targetProxy = 96AB8BDF1BE24BAF004D82FD /* PBXContainerItemProxy */;
		};
/* End PBXTargetDependency section */

/* Begin PBXVariantGroup section */
		96AB8BC61BE24BAF004D82FD /* Main.storyboard */ = {
			isa = PBXVariantGroup;
			children = (
				96AB8BC71BE24BAF004D82FD /* Base */,
			);
			name = Main.storyboard;
			sourceTree = "<group>";
		};
		96AB8BCB1BE24BAF004D82FD /* LaunchScreen.storyboard */ = {
			isa = PBXVariantGroup;
			children = (
				96AB8BCC1BE24BAF004D82FD /* Base */,
			);
			name = LaunchScreen.storyboard;
			sourceTree = "<group>";
		};
/* End PBXVariantGroup section */

/* Begin XCBuildConfiguration section */
		96AB8BE51BE24BAF004D82FD /* Debug */ = {
			isa = XCBuildConfiguration;
			buildSettings = {
				ALWAYS_SEARCH_USER_PATHS = YES;
				CLANG_CXX_LANGUAGE_STANDARD = "gnu++0x";
				CLANG_CXX_LIBRARY = "libc++";
				CLANG_ENABLE_MODULES = YES;
				CLANG_ENABLE_OBJC_ARC = YES;
				CLANG_WARN_BOOL_CONVERSION = YES;
				CLANG_WARN_CONSTANT_CONVERSION = YES;
				CLANG_WARN_DIRECT_OBJC_ISA_USAGE = YES_ERROR;
				CLANG_WARN_EMPTY_BODY = YES;
				CLANG_WARN_ENUM_CONVERSION = YES;
				CLANG_WARN_INT_CONVERSION = YES;
				CLANG_WARN_OBJC_ROOT_CLASS = YES_ERROR;
				CLANG_WARN_UNREACHABLE_CODE = YES;
				CLANG_WARN__DUPLICATE_METHOD_MATCH = YES;
				"CODE_SIGN_IDENTITY[sdk=iphoneos*]" = "iPhone Developer";
				COPY_PHASE_STRIP = NO;
				DEBUG_INFORMATION_FORMAT = dwarf;
				ENABLE_STRICT_OBJC_MSGSEND = YES;
				ENABLE_TESTABILITY = YES;
				GCC_C_LANGUAGE_STANDARD = gnu99;
				GCC_DYNAMIC_NO_PIC = NO;
				GCC_NO_COMMON_BLOCKS = YES;
				GCC_OPTIMIZATION_LEVEL = 0;
				GCC_PREPROCESSOR_DEFINITIONS = (
					"DEBUG=1",
					"$(inherited)",
				);
				GCC_WARN_64_TO_32_BIT_CONVERSION = YES;
				GCC_WARN_ABOUT_RETURN_TYPE = YES_ERROR;
				GCC_WARN_UNDECLARED_SELECTOR = YES;
				GCC_WARN_UNINITIALIZED_AUTOS = YES_AGGRESSIVE;
				GCC_WARN_UNUSED_FUNCTION = YES;
				GCC_WARN_UNUSED_VARIABLE = YES;
				HEADER_SEARCH_PATHS = "";
				IPHONEOS_DEPLOYMENT_TARGET = 9.1;
				MTL_ENABLE_DEBUG_INFO = YES;
				ONLY_ACTIVE_ARCH = YES;
				SDKROOT = iphoneos;
				SWIFT_OBJC_BRIDGING_HEADER = "Bridging-Header.h";
				SWIFT_OPTIMIZATION_LEVEL = "-Onone";
				USER_HEADER_SEARCH_PATHS = "$(SDKROOT)/usr/include/libxml2";
			};
			name = Debug;
		};
		96AB8BE61BE24BAF004D82FD /* Release */ = {
			isa = XCBuildConfiguration;
			buildSettings = {
				ALWAYS_SEARCH_USER_PATHS = YES;
				CLANG_CXX_LANGUAGE_STANDARD = "gnu++0x";
				CLANG_CXX_LIBRARY = "libc++";
				CLANG_ENABLE_MODULES = YES;
				CLANG_ENABLE_OBJC_ARC = YES;
				CLANG_WARN_BOOL_CONVERSION = YES;
				CLANG_WARN_CONSTANT_CONVERSION = YES;
				CLANG_WARN_DIRECT_OBJC_ISA_USAGE = YES_ERROR;
				CLANG_WARN_EMPTY_BODY = YES;
				CLANG_WARN_ENUM_CONVERSION = YES;
				CLANG_WARN_INT_CONVERSION = YES;
				CLANG_WARN_OBJC_ROOT_CLASS = YES_ERROR;
				CLANG_WARN_UNREACHABLE_CODE = YES;
				CLANG_WARN__DUPLICATE_METHOD_MATCH = YES;
				"CODE_SIGN_IDENTITY[sdk=iphoneos*]" = "iPhone Developer";
				COPY_PHASE_STRIP = NO;
				DEBUG_INFORMATION_FORMAT = "dwarf-with-dsym";
				ENABLE_NS_ASSERTIONS = NO;
				ENABLE_STRICT_OBJC_MSGSEND = YES;
				GCC_C_LANGUAGE_STANDARD = gnu99;
				GCC_NO_COMMON_BLOCKS = YES;
				GCC_WARN_64_TO_32_BIT_CONVERSION = YES;
				GCC_WARN_ABOUT_RETURN_TYPE = YES_ERROR;
				GCC_WARN_UNDECLARED_SELECTOR = YES;
				GCC_WARN_UNINITIALIZED_AUTOS = YES_AGGRESSIVE;
				GCC_WARN_UNUSED_FUNCTION = YES;
				GCC_WARN_UNUSED_VARIABLE = YES;
				HEADER_SEARCH_PATHS = "";
				IPHONEOS_DEPLOYMENT_TARGET = 9.1;
				MTL_ENABLE_DEBUG_INFO = NO;
				SDKROOT = iphoneos;
				SWIFT_OBJC_BRIDGING_HEADER = "Bridging-Header.h";
				USER_HEADER_SEARCH_PATHS = "$(SDKROOT)/usr/include/libxml2";
				VALIDATE_PRODUCT = YES;
			};
			name = Release;
		};
		96AB8BE81BE24BAF004D82FD /* Debug */ = {
			isa = XCBuildConfiguration;
			buildSettings = {
				ASSETCATALOG_COMPILER_APPICON_NAME = AppIcon;
				CLANG_ENABLE_MODULES = YES;
				FRAMEWORK_SEARCH_PATHS = /usr/lib/libxml2.2.tbd;
				HEADER_SEARCH_PATHS = "$(SDKROOT)/usr/include/libxml2";
				INFOPLIST_FILE = GCFDemo2/Info.plist;
				IPHONEOS_DEPLOYMENT_TARGET = 9.0;
				LD_RUNPATH_SEARCH_PATHS = "$(inherited) @executable_path/Frameworks";
				"OTHER_LIBTOOLFLAGS[arch=*]" = "-lxml2";
				PRODUCT_BUNDLE_IDENTIFIER = jason.GCFDemo2;
				PRODUCT_NAME = "$(TARGET_NAME)";
				SWIFT_OBJC_BRIDGING_HEADER = Header.h;
				SWIFT_OPTIMIZATION_LEVEL = "-Onone";
			};
			name = Debug;
		};
		96AB8BE91BE24BAF004D82FD /* Release */ = {
			isa = XCBuildConfiguration;
			buildSettings = {
				ASSETCATALOG_COMPILER_APPICON_NAME = AppIcon;
				CLANG_ENABLE_MODULES = YES;
				FRAMEWORK_SEARCH_PATHS = /usr/lib/libxml2.2.tbd;
				HEADER_SEARCH_PATHS = "$(SDKROOT)/usr/include/libxml2";
				INFOPLIST_FILE = GCFDemo2/Info.plist;
				IPHONEOS_DEPLOYMENT_TARGET = 9.0;
				LD_RUNPATH_SEARCH_PATHS = "$(inherited) @executable_path/Frameworks";
				"OTHER_LIBTOOLFLAGS[arch=*]" = "-lxml2";
				PRODUCT_BUNDLE_IDENTIFIER = jason.GCFDemo2;
				PRODUCT_NAME = "$(TARGET_NAME)";
				SWIFT_OBJC_BRIDGING_HEADER = Header.h;
			};
			name = Release;
		};
		96AB8BEB1BE24BAF004D82FD /* Debug */ = {
			isa = XCBuildConfiguration;
			buildSettings = {
				BUNDLE_LOADER = "$(TEST_HOST)";
				INFOPLIST_FILE = GCFDemo2Tests/Info.plist;
				LD_RUNPATH_SEARCH_PATHS = "$(inherited) @executable_path/Frameworks @loader_path/Frameworks";
				PRODUCT_BUNDLE_IDENTIFIER = jason.GCFDemo2Tests;
				PRODUCT_NAME = "$(TARGET_NAME)";
				TEST_HOST = "$(BUILT_PRODUCTS_DIR)/GCFDemo2.app/GCFDemo2";
			};
			name = Debug;
		};
		96AB8BEC1BE24BAF004D82FD /* Release */ = {
			isa = XCBuildConfiguration;
			buildSettings = {
				BUNDLE_LOADER = "$(TEST_HOST)";
				INFOPLIST_FILE = GCFDemo2Tests/Info.plist;
				LD_RUNPATH_SEARCH_PATHS = "$(inherited) @executable_path/Frameworks @loader_path/Frameworks";
				PRODUCT_BUNDLE_IDENTIFIER = jason.GCFDemo2Tests;
				PRODUCT_NAME = "$(TARGET_NAME)";
				TEST_HOST = "$(BUILT_PRODUCTS_DIR)/GCFDemo2.app/GCFDemo2";
			};
			name = Release;
		};
		96AB8BEE1BE24BAF004D82FD /* Debug */ = {
			isa = XCBuildConfiguration;
			buildSettings = {
				INFOPLIST_FILE = GCFDemo2UITests/Info.plist;
				LD_RUNPATH_SEARCH_PATHS = "$(inherited) @executable_path/Frameworks @loader_path/Frameworks";
				PRODUCT_BUNDLE_IDENTIFIER = jason.GCFDemo2UITests;
				PRODUCT_NAME = "$(TARGET_NAME)";
				TEST_TARGET_NAME = GCFDemo2;
				USES_XCTRUNNER = YES;
			};
			name = Debug;
		};
		96AB8BEF1BE24BAF004D82FD /* Release */ = {
			isa = XCBuildConfiguration;
			buildSettings = {
				INFOPLIST_FILE = GCFDemo2UITests/Info.plist;
				LD_RUNPATH_SEARCH_PATHS = "$(inherited) @executable_path/Frameworks @loader_path/Frameworks";
				PRODUCT_BUNDLE_IDENTIFIER = jason.GCFDemo2UITests;
				PRODUCT_NAME = "$(TARGET_NAME)";
				TEST_TARGET_NAME = GCFDemo2;
				USES_XCTRUNNER = YES;
			};
			name = Release;
		};
/* End XCBuildConfiguration section */

/* Begin XCConfigurationList section */
		96AB8BBA1BE24BAF004D82FD /* Build configuration list for PBXProject "GCFDemo2" */ = {
			isa = XCConfigurationList;
			buildConfigurations = (
				96AB8BE51BE24BAF004D82FD /* Debug */,
				96AB8BE61BE24BAF004D82FD /* Release */,
			);
			defaultConfigurationIsVisible = 0;
			defaultConfigurationName = Release;
		};
		96AB8BE71BE24BAF004D82FD /* Build configuration list for PBXNativeTarget "GCFDemo2" */ = {
			isa = XCConfigurationList;
			buildConfigurations = (
				96AB8BE81BE24BAF004D82FD /* Debug */,
				96AB8BE91BE24BAF004D82FD /* Release */,
			);
			defaultConfigurationIsVisible = 0;
			defaultConfigurationName = Release;
		};
		96AB8BEA1BE24BAF004D82FD /* Build configuration list for PBXNativeTarget "GCFDemo2Tests" */ = {
			isa = XCConfigurationList;
			buildConfigurations = (
				96AB8BEB1BE24BAF004D82FD /* Debug */,
				96AB8BEC1BE24BAF004D82FD /* Release */,
			);
			defaultConfigurationIsVisible = 0;
			defaultConfigurationName = Release;
		};
		96AB8BED1BE24BAF004D82FD /* Build configuration list for PBXNativeTarget "GCFDemo2UITests" */ = {
			isa = XCConfigurationList;
			buildConfigurations = (
				96AB8BEE1BE24BAF004D82FD /* Debug */,
				96AB8BEF1BE24BAF004D82FD /* Release */,
			);
			defaultConfigurationIsVisible = 0;
			defaultConfigurationName = Release;
		};
/* End XCConfigurationList section */
	};
	rootObject = 96AB8BB71BE24BAF004D82FD /* Project object */;
}
